
Microsoft Visual Studio Solution File, Format Version 12.00
# Visual Studio Version 17
VisualStudioVersion = 17.0.32112.339
MinimumVisualStudioVersion = 10.0.40219.1
Project("{2150E333-8FDC-42A3-9474-1A3956D46DE8}") = "BL", "BL", "{0840BCD5-A5BC-49E5-B0AD-3A81A6FF7589}"
EndProject
Project("{9A19103F-16F7-4668-BE54-9A1E7A4F7556}") = "PingPong.Client.BL", "PingPong.Client.BL\PingPong.Client.BL.csproj", "{1363C76A-B2BA-4829-A871-CF2C717426B2}"
EndProject
Project("{9A19103F-16F7-4668-BE54-9A1E7A4F7556}") = "PingPong.Server.BL", "PingPong.Server.BL\PingPong.Server.BL.csproj", "{156D1D30-E527-4068-9907-B1DBED04528D}"
EndProject
Project("{2150E333-8FDC-42A3-9474-1A3956D46DE8}") = "UI", "UI", "{524CC2B2-AFC9-4AA7-9149-57576EF40D4B}"
EndProject
Project("{9A19103F-16F7-4668-BE54-9A1E7A4F7556}") = "PingPong.UI.Common", "PingPong.UI.Common\PingPong.UI.Common.csproj", "{6CD907CF-4398-4701-A055-012BBF5A608C}"
EndProject
Project("{2150E333-8FDC-42A3-9474-1A3956D46DE8}") = "Client", "Client", "{AB00E216-0531-4951-875B-3E49D5634FBB}"
EndProject
Project("{2150E333-8FDC-42A3-9474-1A3956D46DE8}") = "Server", "Server", "{79EDA205-1C02-47BB-B491-550EA4917107}"
EndProject
Project("{9A19103F-16F7-4668-BE54-9A1E7A4F7556}") = "ClientTcpConsoleApp", "ClientTcpConsoleApp\ClientTcpConsoleApp.csproj", "{8A7B3A13-5187-40FD-9318-1EDC6342B78C}"
EndProject
Project("{FAE04EC0-301F-11D3-BF4B-00C04F79EFBC}") = "PingPong.UI.ConsoleApp.Common", "PingPong.UI.ConsoleApp.Common\PingPong.UI.ConsoleApp.Common.csproj", "{FE13774A-EC72-41CE-8A54-FCBF10FB705C}"
EndProject
Global
	GlobalSection(SolutionConfigurationPlatforms) = preSolution
		Debug|Any CPU = Debug|Any CPU
		Release|Any CPU = Release|Any CPU
	EndGlobalSection
	GlobalSection(ProjectConfigurationPlatforms) = postSolution
		{1363C76A-B2BA-4829-A871-CF2C717426B2}.Debug|Any CPU.ActiveCfg = Debug|Any CPU
		{1363C76A-B2BA-4829-A871-CF2C717426B2}.Debug|Any CPU.Build.0 = Debug|Any CPU
		{1363C76A-B2BA-4829-A871-CF2C717426B2}.Release|Any CPU.ActiveCfg = Release|Any CPU
		{1363C76A-B2BA-4829-A871-CF2C717426B2}.Release|Any CPU.Build.0 = Release|Any CPU
		{156D1D30-E527-4068-9907-B1DBED04528D}.Debug|Any CPU.ActiveCfg = Debug|Any CPU
		{156D1D30-E527-4068-9907-B1DBED04528D}.Debug|Any CPU.Build.0 = Debug|Any CPU
		{156D1D30-E527-4068-9907-B1DBED04528D}.Release|Any CPU.ActiveCfg = Release|Any CPU
		{156D1D30-E527-4068-9907-B1DBED04528D}.Release|Any CPU.Build.0 = Release|Any CPU
		{6CD907CF-4398-4701-A055-012BBF5A608C}.Debug|Any CPU.ActiveCfg = Debug|Any CPU
		{6CD907CF-4398-4701-A055-012BBF5A608C}.Debug|Any CPU.Build.0 = Debug|Any CPU
		{6CD907CF-4398-4701-A055-012BBF5A608C}.Release|Any CPU.ActiveCfg = Release|Any CPU
		{6CD907CF-4398-4701-A055-012BBF5A608C}.Release|Any CPU.Build.0 = Release|Any CPU
		{8A7B3A13-5187-40FD-9318-1EDC6342B78C}.Debug|Any CPU.ActiveCfg = Debug|Any CPU
		{8A7B3A13-5187-40FD-9318-1EDC6342B78C}.Debug|Any CPU.Build.0 = Debug|Any CPU
		{8A7B3A13-5187-40FD-9318-1EDC6342B78C}.Release|Any CPU.ActiveCfg = Release|Any CPU
		{8A7B3A13-5187-40FD-9318-1EDC6342B78C}.Release|Any CPU.Build.0 = Release|Any CPU
		{FE13774A-EC72-41CE-8A54-FCBF10FB705C}.Debug|Any CPU.ActiveCfg = Debug|Any CPU
		{FE13774A-EC72-41CE-8A54-FCBF10FB705C}.Debug|Any CPU.Build.0 = Debug|Any CPU
		{FE13774A-EC72-41CE-8A54-FCBF10FB705C}.Release|Any CPU.ActiveCfg = Release|Any CPU
		{FE13774A-EC72-41CE-8A54-FCBF10FB705C}.Release|Any CPU.Build.0 = Release|Any CPU
	EndGlobalSection
	GlobalSection(SolutionProperties) = preSolution
		HideSolutionNode = FALSE
	EndGlobalSection
	GlobalSection(NestedProjects) = preSolution
		{1363C76A-B2BA-4829-A871-CF2C717426B2} = {0840BCD5-A5BC-49E5-B0AD-3A81A6FF7589}
		{156D1D30-E527-4068-9907-B1DBED04528D} = {0840BCD5-A5BC-49E5-B0AD-3A81A6FF7589}
		{6CD907CF-4398-4701-A055-012BBF5A608C} = {524CC2B2-AFC9-4AA7-9149-57576EF40D4B}
		{AB00E216-0531-4951-875B-3E49D5634FBB} = {524CC2B2-AFC9-4AA7-9149-57576EF40D4B}
		{79EDA205-1C02-47BB-B491-550EA4917107} = {524CC2B2-AFC9-4AA7-9149-57576EF40D4B}
		{8A7B3A13-5187-40FD-9318-1EDC6342B78C} = {AB00E216-0531-4951-875B-3E49D5634FBB}
		{FE13774A-EC72-41CE-8A54-FCBF10FB705C} = {524CC2B2-AFC9-4AA7-9149-57576EF40D4B}
	EndGlobalSection
	GlobalSection(ExtensibilityGlobals) = postSolution
		SolutionGuid = {D9695A2A-69DC-4FFC-80FC-82011DCB75B3}
	EndGlobalSection
EndGlobal
